{
  "name": "webapp-initializer",
  "version": "1.0.4",
  "lockfileVersion": 3,
  "requires": true,
  "packages": {
    "": {
      "name": "webapp-initializer",
      "version": "1.0.4",
      "license": "ISC",
      "dependencies": {
        "webapp-initializer": "^1.0.2"
      },
      "bin": {
        "webapp-initializer": "index.js"
      }
    },
    "node_modules/webapp-initializer": {
      "version": "1.0.2",
      "resolved": "https://registry.npmjs.org/webapp-initializer/-/webapp-initializer-1.0.2.tgz",
      "integrity": "sha512-SJAyYuSBCNVbjve8t+wEvyAg9JIhRQzCvujPB71V1fO0mE2bXma+aqgXZGlAUi3YpycGfg+reoeBbIj/SohHaw==",
      "license": "ISC",
      "dependencies": {
        "webapp-initializer": "^1.0.1"
      },
      "bin": {
        "webapp-initializer": "index.js"
      }
    }
  }
}
