{
  "name": "webapp-initializer",
  "version": "1.0.1",
  "lockfileVersion": 3,
  "requires": true,
  "packages": {
    "": {
      "name": "webapp-initializer",
      "version": "1.0.1",
      "license": "ISC",
      "dependencies": {
        "webapp-initializer": "^1.0.0"
      }
    },
    "node_modules/webapp-initializer": {
      "version": "1.0.0",
      "resolved": "https://registry.npmjs.org/webapp-initializer/-/webapp-initializer-1.0.0.tgz",
      "integrity": "sha512-S9SSeJ+SPJIFc/Wk18iYAeDVYjFQVoi0CS/x9AxLwalOfcrsZSGuH0Aa6v+YULoG5oHzm38gMmWtImHRqmQLmA==",
      "license": "ISC"
    }
  }
}
